
Microsoft Visual Studio Solution File, Format Version 12.00
# Visual Studio Express 2012 for Windows Desktop
Project("{FAE04EC0-301F-11D3-BF4B-00C04F79EFBC}") = "T07A", "T07A\T07A.csproj", "{AC615F81-F551-4112-9F3F-5859F2892182}"
EndProject
Global
	GlobalSection(SolutionConfigurationPlatforms) = preSolution
		Debug|Any CPU = Debug|Any CPU
		Release|Any CPU = Release|Any CPU
	EndGlobalSection
	GlobalSection(ProjectConfigurationPlatforms) = postSolution
		{AC615F81-F551-4112-9F3F-5859F2892182}.Debug|Any CPU.ActiveCfg = Debug|Any CPU
		{AC615F81-F551-4112-9F3F-5859F2892182}.Debug|Any CPU.Build.0 = Debug|Any CPU
		{AC615F81-F551-4112-9F3F-5859F2892182}.Release|Any CPU.ActiveCfg = Release|Any CPU
		{AC615F81-F551-4112-9F3F-5859F2892182}.Release|Any CPU.Build.0 = Release|Any CPU
	EndGlobalSection
	GlobalSection(SolutionProperties) = preSolution
		HideSolutionNode = FALSE
	EndGlobalSection
EndGlobal
